
Microsoft Visual Studio Solution File, Format Version 12.00
# Visual Studio Version 16
VisualStudioVersion = 16.0.30711.63
MinimumVisualStudioVersion = 10.0.40219.1
Project("{FAE04EC0-301F-11D3-BF4B-00C04F79EFBC}") = "AdventOfCode2020", "AdventOfCode2020\AdventOfCode2020.csproj", "{3B7A6F70-7560-4D74-A567-FB8320D234CD}"
EndProject
Global
	GlobalSection(SolutionConfigurationPlatforms) = preSolution
		Debug|Any CPU = Debug|Any CPU
		Release|Any CPU = Release|Any CPU
	EndGlobalSection
	GlobalSection(ProjectConfigurationPlatforms) = postSolution
		{3B7A6F70-7560-4D74-A567-FB8320D234CD}.Debug|Any CPU.ActiveCfg = Debug|Any CPU
		{3B7A6F70-7560-4D74-A567-FB8320D234CD}.Debug|Any CPU.Build.0 = Debug|Any CPU
		{3B7A6F70-7560-4D74-A567-FB8320D234CD}.Release|Any CPU.ActiveCfg = Release|Any CPU
		{3B7A6F70-7560-4D74-A567-FB8320D234CD}.Release|Any CPU.Build.0 = Release|Any CPU
	EndGlobalSection
	GlobalSection(SolutionProperties) = preSolution
		HideSolutionNode = FALSE
	EndGlobalSection
	GlobalSection(ExtensibilityGlobals) = postSolution
		SolutionGuid = {63180C2A-EE3B-4C25-86DC-2DDBC01178A4}
	EndGlobalSection
EndGlobal
